
Microsoft Visual Studio Solution File, Format Version 12.00
# Visual Studio 2013
VisualStudioVersion = 12.0.21005.1
MinimumVisualStudioVersion = 10.0.40219.1
Project("{FAE04EC0-301F-11D3-BF4B-00C04F79EFBC}") = "Keywielder", "Keywielder\Keywielder.csproj", "{CF3D7532-5EBA-47A3-9808-7C304DB22CB5}"
EndProject
Project("{FAE04EC0-301F-11D3-BF4B-00C04F79EFBC}") = "Keywielder.Test", "Keywielder.Test\Keywielder.Test.csproj", "{713A3F50-57DA-409A-B995-6691FB593113}"
EndProject
Global
	GlobalSection(SolutionConfigurationPlatforms) = preSolution
		Debug|Any CPU = Debug|Any CPU
		Release|Any CPU = Release|Any CPU
	EndGlobalSection
	GlobalSection(ProjectConfigurationPlatforms) = postSolution
		{CF3D7532-5EBA-47A3-9808-7C304DB22CB5}.Debug|Any CPU.ActiveCfg = Debug|Any CPU
		{CF3D7532-5EBA-47A3-9808-7C304DB22CB5}.Debug|Any CPU.Build.0 = Debug|Any CPU
		{CF3D7532-5EBA-47A3-9808-7C304DB22CB5}.Release|Any CPU.ActiveCfg = Release|Any CPU
		{CF3D7532-5EBA-47A3-9808-7C304DB22CB5}.Release|Any CPU.Build.0 = Release|Any CPU
		{713A3F50-57DA-409A-B995-6691FB593113}.Debug|Any CPU.ActiveCfg = Debug|Any CPU
		{713A3F50-57DA-409A-B995-6691FB593113}.Debug|Any CPU.Build.0 = Debug|Any CPU
		{713A3F50-57DA-409A-B995-6691FB593113}.Release|Any CPU.ActiveCfg = Release|Any CPU
		{713A3F50-57DA-409A-B995-6691FB593113}.Release|Any CPU.Build.0 = Release|Any CPU
	EndGlobalSection
	GlobalSection(SolutionProperties) = preSolution
		HideSolutionNode = FALSE
	EndGlobalSection
EndGlobal
